
Microsoft Visual Studio Solution File, Format Version 12.00
# Visual Studio Version 17
VisualStudioVersion = 17.7.34024.191
MinimumVisualStudioVersion = 10.0.40219.1
Project("{9A19103F-16F7-4668-BE54-9A1E7A4F7556}") = "IDA_C-sh_HomeWork_16 CopperFactory", "IDA_C-sh_HomeWork_16 CopperFactory\IDA_C-sh_HomeWork_16 CopperFactory.csproj", "{6495A242-ABB2-4689-8D31-CE6542622E1F}"
EndProject
Project("{FAE04EC0-301F-11D3-BF4B-00C04F79EFBC}") = "IDA_C-sh_HomeWork16 HR System", "IDA_C-sh_HomeWork16 HR System\IDA_C-sh_HomeWork16 HR System.csproj", "{39DCC197-EB2E-44CB-9055-BFB7CFAAC4AF}"
EndProject
Global
	GlobalSection(SolutionConfigurationPlatforms) = preSolution
		Debug|Any CPU = Debug|Any CPU
		Release|Any CPU = Release|Any CPU
	EndGlobalSection
	GlobalSection(ProjectConfigurationPlatforms) = postSolution
		{6495A242-ABB2-4689-8D31-CE6542622E1F}.Debug|Any CPU.ActiveCfg = Debug|Any CPU
		{6495A242-ABB2-4689-8D31-CE6542622E1F}.Debug|Any CPU.Build.0 = Debug|Any CPU
		{6495A242-ABB2-4689-8D31-CE6542622E1F}.Release|Any CPU.ActiveCfg = Release|Any CPU
		{6495A242-ABB2-4689-8D31-CE6542622E1F}.Release|Any CPU.Build.0 = Release|Any CPU
		{39DCC197-EB2E-44CB-9055-BFB7CFAAC4AF}.Debug|Any CPU.ActiveCfg = Debug|Any CPU
		{39DCC197-EB2E-44CB-9055-BFB7CFAAC4AF}.Debug|Any CPU.Build.0 = Debug|Any CPU
		{39DCC197-EB2E-44CB-9055-BFB7CFAAC4AF}.Release|Any CPU.ActiveCfg = Release|Any CPU
		{39DCC197-EB2E-44CB-9055-BFB7CFAAC4AF}.Release|Any CPU.Build.0 = Release|Any CPU
	EndGlobalSection
	GlobalSection(SolutionProperties) = preSolution
		HideSolutionNode = FALSE
	EndGlobalSection
	GlobalSection(ExtensibilityGlobals) = postSolution
		SolutionGuid = {B69B8D8B-D7E2-4A9F-94E2-83F7182C869B}
	EndGlobalSection
EndGlobal
